
Microsoft Visual Studio Solution File, Format Version 12.00
# Visual Studio Version 16
VisualStudioVersion = 16.0.31005.135
MinimumVisualStudioVersion = 10.0.40219.1
Project("{9A19103F-16F7-4668-BE54-9A1E7A4F7556}") = "MNV.Domain", "MNV.Domain\MNV.Domain.csproj", "{092BE2B2-87DA-4FDA-8DFD-A8B0FFB07993}"
EndProject
Project("{9A19103F-16F7-4668-BE54-9A1E7A4F7556}") = "MNV.Core", "MNV.Core\MNV.Core.csproj", "{0270B2BE-6B5D-401F-A9A2-AAA372752876}"
EndProject
Project("{9A19103F-16F7-4668-BE54-9A1E7A4F7556}") = "MNV.Database", "MNV.Database\MNV.Database.csproj", "{B4B246D1-9079-47A1-92AD-6D2A43351FD3}"
EndProject
Project("{9A19103F-16F7-4668-BE54-9A1E7A4F7556}") = "MNV.Commands", "MNV.Commands\MNV.Commands.csproj", "{D75B1F5E-0B08-4A98-9A15-892CD4E027CD}"
EndProject
Project("{9A19103F-16F7-4668-BE54-9A1E7A4F7556}") = "MNV.Mappers", "MNV.Mappers\MNV.Mappers.csproj", "{265CCA97-090B-421F-A793-BCC95D2945C6}"
EndProject
Project("{9A19103F-16F7-4668-BE54-9A1E7A4F7556}") = "MNV.Queries", "MNV.Queries\MNV.Queries.csproj", "{301B073B-F3A9-44AA-8224-A15EE0443D84}"
EndProject
Project("{9A19103F-16F7-4668-BE54-9A1E7A4F7556}") = "MNV.Infrastructure", "MNV.Infrastructure\MNV.Infrastructure.csproj", "{2DDF360F-D0CB-42C6-9F66-CF05149BFE17}"
EndProject
Project("{9A19103F-16F7-4668-BE54-9A1E7A4F7556}") = "MNV.Web", "MNV.Web\MNV.Web.csproj", "{F2524D13-ECB9-46BB-961B-3A0F419178A3}"
EndProject
Project("{2150E333-8FDC-42A3-9474-1A3956D46DE8}") = "CommandQueries", "CommandQueries", "{EE65BFEF-D379-486E-A12D-B280ECE11F1F}"
EndProject
Project("{2150E333-8FDC-42A3-9474-1A3956D46DE8}") = "Mappers", "Mappers", "{A7125E84-FD39-4775-9B9E-C9F1C149C795}"
EndProject
Project("{2150E333-8FDC-42A3-9474-1A3956D46DE8}") = "Apis", "Apis", "{377E3A4A-07B6-4978-9327-95D81956DAA6}"
EndProject
Project("{2150E333-8FDC-42A3-9474-1A3956D46DE8}") = "Databases", "Databases", "{9A01958D-D03E-48D3-B80D-2B2E2588329B}"
EndProject
Project("{2150E333-8FDC-42A3-9474-1A3956D46DE8}") = "Core", "Core", "{6A7154FF-5F0D-4828-9B4A-701D9CB73EF4}"
EndProject
Project("{2150E333-8FDC-42A3-9474-1A3956D46DE8}") = "Implementations", "Implementations", "{08B7AA0D-E801-4A8D-B4B2-EECD7AFE6E8E}"
EndProject
Global
	GlobalSection(SolutionConfigurationPlatforms) = preSolution
		Debug|Any CPU = Debug|Any CPU
		Release|Any CPU = Release|Any CPU
	EndGlobalSection
	GlobalSection(ProjectConfigurationPlatforms) = postSolution
		{092BE2B2-87DA-4FDA-8DFD-A8B0FFB07993}.Debug|Any CPU.ActiveCfg = Debug|Any CPU
		{092BE2B2-87DA-4FDA-8DFD-A8B0FFB07993}.Debug|Any CPU.Build.0 = Debug|Any CPU
		{092BE2B2-87DA-4FDA-8DFD-A8B0FFB07993}.Release|Any CPU.ActiveCfg = Release|Any CPU
		{092BE2B2-87DA-4FDA-8DFD-A8B0FFB07993}.Release|Any CPU.Build.0 = Release|Any CPU
		{0270B2BE-6B5D-401F-A9A2-AAA372752876}.Debug|Any CPU.ActiveCfg = Debug|Any CPU
		{0270B2BE-6B5D-401F-A9A2-AAA372752876}.Debug|Any CPU.Build.0 = Debug|Any CPU
		{0270B2BE-6B5D-401F-A9A2-AAA372752876}.Release|Any CPU.ActiveCfg = Release|Any CPU
		{0270B2BE-6B5D-401F-A9A2-AAA372752876}.Release|Any CPU.Build.0 = Release|Any CPU
		{B4B246D1-9079-47A1-92AD-6D2A43351FD3}.Debug|Any CPU.ActiveCfg = Debug|Any CPU
		{B4B246D1-9079-47A1-92AD-6D2A43351FD3}.Debug|Any CPU.Build.0 = Debug|Any CPU
		{B4B246D1-9079-47A1-92AD-6D2A43351FD3}.Release|Any CPU.ActiveCfg = Release|Any CPU
		{B4B246D1-9079-47A1-92AD-6D2A43351FD3}.Release|Any CPU.Build.0 = Release|Any CPU
		{D75B1F5E-0B08-4A98-9A15-892CD4E027CD}.Debug|Any CPU.ActiveCfg = Debug|Any CPU
		{D75B1F5E-0B08-4A98-9A15-892CD4E027CD}.Debug|Any CPU.Build.0 = Debug|Any CPU
		{D75B1F5E-0B08-4A98-9A15-892CD4E027CD}.Release|Any CPU.ActiveCfg = Release|Any CPU
		{D75B1F5E-0B08-4A98-9A15-892CD4E027CD}.Release|Any CPU.Build.0 = Release|Any CPU
		{265CCA97-090B-421F-A793-BCC95D2945C6}.Debug|Any CPU.ActiveCfg = Debug|Any CPU
		{265CCA97-090B-421F-A793-BCC95D2945C6}.Debug|Any CPU.Build.0 = Debug|Any CPU
		{265CCA97-090B-421F-A793-BCC95D2945C6}.Release|Any CPU.ActiveCfg = Release|Any CPU
		{265CCA97-090B-421F-A793-BCC95D2945C6}.Release|Any CPU.Build.0 = Release|Any CPU
		{301B073B-F3A9-44AA-8224-A15EE0443D84}.Debug|Any CPU.ActiveCfg = Debug|Any CPU
		{301B073B-F3A9-44AA-8224-A15EE0443D84}.Debug|Any CPU.Build.0 = Debug|Any CPU
		{301B073B-F3A9-44AA-8224-A15EE0443D84}.Release|Any CPU.ActiveCfg = Release|Any CPU
		{301B073B-F3A9-44AA-8224-A15EE0443D84}.Release|Any CPU.Build.0 = Release|Any CPU
		{2DDF360F-D0CB-42C6-9F66-CF05149BFE17}.Debug|Any CPU.ActiveCfg = Debug|Any CPU
		{2DDF360F-D0CB-42C6-9F66-CF05149BFE17}.Debug|Any CPU.Build.0 = Debug|Any CPU
		{2DDF360F-D0CB-42C6-9F66-CF05149BFE17}.Release|Any CPU.ActiveCfg = Release|Any CPU
		{2DDF360F-D0CB-42C6-9F66-CF05149BFE17}.Release|Any CPU.Build.0 = Release|Any CPU
		{F2524D13-ECB9-46BB-961B-3A0F419178A3}.Debug|Any CPU.ActiveCfg = Debug|Any CPU
		{F2524D13-ECB9-46BB-961B-3A0F419178A3}.Debug|Any CPU.Build.0 = Debug|Any CPU
		{F2524D13-ECB9-46BB-961B-3A0F419178A3}.Release|Any CPU.ActiveCfg = Release|Any CPU
		{F2524D13-ECB9-46BB-961B-3A0F419178A3}.Release|Any CPU.Build.0 = Release|Any CPU
	EndGlobalSection
	GlobalSection(SolutionProperties) = preSolution
		HideSolutionNode = FALSE
	EndGlobalSection
	GlobalSection(NestedProjects) = preSolution
		{092BE2B2-87DA-4FDA-8DFD-A8B0FFB07993} = {6A7154FF-5F0D-4828-9B4A-701D9CB73EF4}
		{0270B2BE-6B5D-401F-A9A2-AAA372752876} = {6A7154FF-5F0D-4828-9B4A-701D9CB73EF4}
		{B4B246D1-9079-47A1-92AD-6D2A43351FD3} = {9A01958D-D03E-48D3-B80D-2B2E2588329B}
		{D75B1F5E-0B08-4A98-9A15-892CD4E027CD} = {EE65BFEF-D379-486E-A12D-B280ECE11F1F}
		{265CCA97-090B-421F-A793-BCC95D2945C6} = {A7125E84-FD39-4775-9B9E-C9F1C149C795}
		{301B073B-F3A9-44AA-8224-A15EE0443D84} = {EE65BFEF-D379-486E-A12D-B280ECE11F1F}
		{2DDF360F-D0CB-42C6-9F66-CF05149BFE17} = {08B7AA0D-E801-4A8D-B4B2-EECD7AFE6E8E}
		{F2524D13-ECB9-46BB-961B-3A0F419178A3} = {377E3A4A-07B6-4978-9327-95D81956DAA6}
	EndGlobalSection
	GlobalSection(ExtensibilityGlobals) = postSolution
		SolutionGuid = {47969EAF-9CD4-4802-9C1C-41AC47C11E85}
	EndGlobalSection
EndGlobal
