
Microsoft Visual Studio Solution File, Format Version 12.00
# Visual Studio Version 16
VisualStudioVersion = 16.0.31005.135
MinimumVisualStudioVersion = 10.0.40219.1
Project("{FAE04EC0-301F-11D3-BF4B-00C04F79EFBC}") = "MNV.Domain", "MNV.Domain\MNV.Domain.csproj", "{092BE2B2-87DA-4FDA-8DFD-A8B0FFB07993}"
EndProject
Project("{FAE04EC0-301F-11D3-BF4B-00C04F79EFBC}") = "MNV.Core", "MNV.Core\MNV.Core.csproj", "{0270B2BE-6B5D-401F-A9A2-AAA372752876}"
EndProject
Project("{FAE04EC0-301F-11D3-BF4B-00C04F79EFBC}") = "MNV.Database", "MNV.Database\MNV.Database.csproj", "{B4B246D1-9079-47A1-92AD-6D2A43351FD3}"
EndProject
Project("{FAE04EC0-301F-11D3-BF4B-00C04F79EFBC}") = "MNV.Commands", "MNV.Commands\MNV.Commands.csproj", "{D75B1F5E-0B08-4A98-9A15-892CD4E027CD}"
EndProject
Project("{FAE04EC0-301F-11D3-BF4B-00C04F79EFBC}") = "MNV.Mappers", "MNV.Mappers\MNV.Mappers.csproj", "{265CCA97-090B-421F-A793-BCC95D2945C6}"
EndProject
Global
	GlobalSection(SolutionConfigurationPlatforms) = preSolution
		Debug|Any CPU = Debug|Any CPU
		Release|Any CPU = Release|Any CPU
	EndGlobalSection
	GlobalSection(ProjectConfigurationPlatforms) = postSolution
		{092BE2B2-87DA-4FDA-8DFD-A8B0FFB07993}.Debug|Any CPU.ActiveCfg = Debug|Any CPU
		{092BE2B2-87DA-4FDA-8DFD-A8B0FFB07993}.Debug|Any CPU.Build.0 = Debug|Any CPU
		{092BE2B2-87DA-4FDA-8DFD-A8B0FFB07993}.Release|Any CPU.ActiveCfg = Release|Any CPU
		{092BE2B2-87DA-4FDA-8DFD-A8B0FFB07993}.Release|Any CPU.Build.0 = Release|Any CPU
		{0270B2BE-6B5D-401F-A9A2-AAA372752876}.Debug|Any CPU.ActiveCfg = Debug|Any CPU
		{0270B2BE-6B5D-401F-A9A2-AAA372752876}.Debug|Any CPU.Build.0 = Debug|Any CPU
		{0270B2BE-6B5D-401F-A9A2-AAA372752876}.Release|Any CPU.ActiveCfg = Release|Any CPU
		{0270B2BE-6B5D-401F-A9A2-AAA372752876}.Release|Any CPU.Build.0 = Release|Any CPU
		{B4B246D1-9079-47A1-92AD-6D2A43351FD3}.Debug|Any CPU.ActiveCfg = Debug|Any CPU
		{B4B246D1-9079-47A1-92AD-6D2A43351FD3}.Debug|Any CPU.Build.0 = Debug|Any CPU
		{B4B246D1-9079-47A1-92AD-6D2A43351FD3}.Release|Any CPU.ActiveCfg = Release|Any CPU
		{B4B246D1-9079-47A1-92AD-6D2A43351FD3}.Release|Any CPU.Build.0 = Release|Any CPU
		{D75B1F5E-0B08-4A98-9A15-892CD4E027CD}.Debug|Any CPU.ActiveCfg = Debug|Any CPU
		{D75B1F5E-0B08-4A98-9A15-892CD4E027CD}.Debug|Any CPU.Build.0 = Debug|Any CPU
		{D75B1F5E-0B08-4A98-9A15-892CD4E027CD}.Release|Any CPU.ActiveCfg = Release|Any CPU
		{D75B1F5E-0B08-4A98-9A15-892CD4E027CD}.Release|Any CPU.Build.0 = Release|Any CPU
		{265CCA97-090B-421F-A793-BCC95D2945C6}.Debug|Any CPU.ActiveCfg = Debug|Any CPU
		{265CCA97-090B-421F-A793-BCC95D2945C6}.Debug|Any CPU.Build.0 = Debug|Any CPU
		{265CCA97-090B-421F-A793-BCC95D2945C6}.Release|Any CPU.ActiveCfg = Release|Any CPU
		{265CCA97-090B-421F-A793-BCC95D2945C6}.Release|Any CPU.Build.0 = Release|Any CPU
	EndGlobalSection
	GlobalSection(SolutionProperties) = preSolution
		HideSolutionNode = FALSE
	EndGlobalSection
	GlobalSection(ExtensibilityGlobals) = postSolution
		SolutionGuid = {47969EAF-9CD4-4802-9C1C-41AC47C11E85}
	EndGlobalSection
EndGlobal
